
Microsoft Visual Studio Solution File, Format Version 12.00
# Visual Studio Version 17
VisualStudioVersion = 17.13.35825.156 d17.13
MinimumVisualStudioVersion = 10.0.40219.1
Project("{FAE04EC0-301F-11D3-BF4B-00C04F79EFBC}") = "lab-8", "lab-8\lab-8.csproj", "{688C0B69-ACFA-4A24-84FE-23DCB0E974F0}"
EndProject
Global
	GlobalSection(SolutionConfigurationPlatforms) = preSolution
		Debug|Any CPU = Debug|Any CPU
		Release|Any CPU = Release|Any CPU
	EndGlobalSection
	GlobalSection(ProjectConfigurationPlatforms) = postSolution
		{688C0B69-ACFA-4A24-84FE-23DCB0E974F0}.Debug|Any CPU.ActiveCfg = Debug|Any CPU
		{688C0B69-ACFA-4A24-84FE-23DCB0E974F0}.Debug|Any CPU.Build.0 = Debug|Any CPU
		{688C0B69-ACFA-4A24-84FE-23DCB0E974F0}.Release|Any CPU.ActiveCfg = Release|Any CPU
		{688C0B69-ACFA-4A24-84FE-23DCB0E974F0}.Release|Any CPU.Build.0 = Release|Any CPU
	EndGlobalSection
	GlobalSection(SolutionProperties) = preSolution
		HideSolutionNode = FALSE
	EndGlobalSection
	GlobalSection(ExtensibilityGlobals) = postSolution
		SolutionGuid = {8C8E19D3-6CDB-4E53-A49E-B0AD973566AE}
	EndGlobalSection
EndGlobal
