
Microsoft Visual Studio Solution File, Format Version 12.00
# Visual Studio Version 17
VisualStudioVersion = 17.13.35825.156 d17.13
MinimumVisualStudioVersion = 10.0.40219.1
Project("{FAE04EC0-301F-11D3-BF4B-00C04F79EFBC}") = "lab-6", "lab-6\lab-6.csproj", "{C016D896-5DEC-4F23-AD8C-B0894AE94323}"
EndProject
Global
	GlobalSection(SolutionConfigurationPlatforms) = preSolution
		Debug|Any CPU = Debug|Any CPU
		Release|Any CPU = Release|Any CPU
	EndGlobalSection
	GlobalSection(ProjectConfigurationPlatforms) = postSolution
		{C016D896-5DEC-4F23-AD8C-B0894AE94323}.Debug|Any CPU.ActiveCfg = Debug|Any CPU
		{C016D896-5DEC-4F23-AD8C-B0894AE94323}.Debug|Any CPU.Build.0 = Debug|Any CPU
		{C016D896-5DEC-4F23-AD8C-B0894AE94323}.Release|Any CPU.ActiveCfg = Release|Any CPU
		{C016D896-5DEC-4F23-AD8C-B0894AE94323}.Release|Any CPU.Build.0 = Release|Any CPU
	EndGlobalSection
	GlobalSection(SolutionProperties) = preSolution
		HideSolutionNode = FALSE
	EndGlobalSection
	GlobalSection(ExtensibilityGlobals) = postSolution
		SolutionGuid = {13B73E9C-988C-43FB-85A5-8D0993FC2681}
	EndGlobalSection
EndGlobal
