
Microsoft Visual Studio Solution File, Format Version 12.00
# Visual Studio Version 17
VisualStudioVersion = 17.13.35825.156 d17.13
MinimumVisualStudioVersion = 10.0.40219.1
Project("{FAE04EC0-301F-11D3-BF4B-00C04F79EFBC}") = "lab-12", "lab-12\lab-12.csproj", "{CD834737-C851-4795-A71B-26E3B9D43804}"
EndProject
Global
	GlobalSection(SolutionConfigurationPlatforms) = preSolution
		Debug|Any CPU = Debug|Any CPU
		Release|Any CPU = Release|Any CPU
	EndGlobalSection
	GlobalSection(ProjectConfigurationPlatforms) = postSolution
		{CD834737-C851-4795-A71B-26E3B9D43804}.Debug|Any CPU.ActiveCfg = Debug|Any CPU
		{CD834737-C851-4795-A71B-26E3B9D43804}.Debug|Any CPU.Build.0 = Debug|Any CPU
		{CD834737-C851-4795-A71B-26E3B9D43804}.Release|Any CPU.ActiveCfg = Release|Any CPU
		{CD834737-C851-4795-A71B-26E3B9D43804}.Release|Any CPU.Build.0 = Release|Any CPU
	EndGlobalSection
	GlobalSection(SolutionProperties) = preSolution
		HideSolutionNode = FALSE
	EndGlobalSection
	GlobalSection(ExtensibilityGlobals) = postSolution
		SolutionGuid = {40F1C4ED-8757-4556-A518-8484DE73C471}
	EndGlobalSection
EndGlobal
