
Microsoft Visual Studio Solution File, Format Version 12.00
# Visual Studio Version 17
VisualStudioVersion = 17.13.35825.156 d17.13
MinimumVisualStudioVersion = 10.0.40219.1
Project("{FAE04EC0-301F-11D3-BF4B-00C04F79EFBC}") = "lab-13", "lab-13\lab-13.csproj", "{BB85E64F-E502-4F34-B914-49F34EBA892E}"
EndProject
Global
	GlobalSection(SolutionConfigurationPlatforms) = preSolution
		Debug|Any CPU = Debug|Any CPU
		Release|Any CPU = Release|Any CPU
	EndGlobalSection
	GlobalSection(ProjectConfigurationPlatforms) = postSolution
		{BB85E64F-E502-4F34-B914-49F34EBA892E}.Debug|Any CPU.ActiveCfg = Debug|Any CPU
		{BB85E64F-E502-4F34-B914-49F34EBA892E}.Debug|Any CPU.Build.0 = Debug|Any CPU
		{BB85E64F-E502-4F34-B914-49F34EBA892E}.Release|Any CPU.ActiveCfg = Release|Any CPU
		{BB85E64F-E502-4F34-B914-49F34EBA892E}.Release|Any CPU.Build.0 = Release|Any CPU
	EndGlobalSection
	GlobalSection(SolutionProperties) = preSolution
		HideSolutionNode = FALSE
	EndGlobalSection
	GlobalSection(ExtensibilityGlobals) = postSolution
		SolutionGuid = {BB18770A-B545-4670-AD1F-94CF3CFF8E55}
	EndGlobalSection
EndGlobal
